// !$*UTF8*$!
{
	archiveVersion = 1;
	classes = {
	};
	objectVersion = 46;
	objects = {

/* Begin PBXBuildFile section */
		1DAD30271C989522000954CF /* ios_main.m in Sources */ = {isa = PBXBuildFile; fileRef = 1DAD30261C989522000954CF /* ios_main.m */; };
		1DAD30341C989522000954CF /* Assets.xcassets in Resources */ = {isa = PBXBuildFile; fileRef = 1DAD30331C989522000954CF /* Assets.xcassets */; };
		1DAD303F1C98A3F9000954CF /* ios_wtmap.m in Sources */ = {isa = PBXBuildFile; fileRef = 1DAD303E1C98A3F9000954CF /* ios_wtmap.m */; };
		1DAD304C1C98B196000954CF /* CoreGraphics.framework in Frameworks */ = {isa = PBXBuildFile; fileRef = 1DAD304B1C98B196000954CF /* CoreGraphics.framework */; };
		1DAD304D1C98B278000954CF /* wtmap.cpp in Sources */ = {isa = PBXBuildFile; fileRef = 1DAD30471C98ABF9000954CF /* wtmap.cpp */; };
/* End PBXBuildFile section */

/* Begin PBXFileReference section */
		1D30E4081C98C78F00EB0F32 /* wtmap_platform.h */ = {isa = PBXFileReference; fileEncoding = 4; lastKnownFileType = sourcecode.c.h; name = wtmap_platform.h; path = ../../src/wtmap_platform.h; sourceTree = "<group>"; };
		1DAD30221C989522000954CF /* wtmap.app */ = {isa = PBXFileReference; explicitFileType = wrapper.application; includeInIndex = 0; path = wtmap.app; sourceTree = BUILT_PRODUCTS_DIR; };
		1DAD30261C989522000954CF /* ios_main.m */ = {isa = PBXFileReference; lastKnownFileType = sourcecode.c.objc; path = ios_main.m; sourceTree = "<group>"; };
		1DAD30331C989522000954CF /* Assets.xcassets */ = {isa = PBXFileReference; lastKnownFileType = folder.assetcatalog; path = Assets.xcassets; sourceTree = "<group>"; };
		1DAD30381C989522000954CF /* Info.plist */ = {isa = PBXFileReference; lastKnownFileType = text.plist.xml; path = Info.plist; sourceTree = "<group>"; };
		1DAD303E1C98A3F9000954CF /* ios_wtmap.m */ = {isa = PBXFileReference; fileEncoding = 4; lastKnownFileType = sourcecode.c.objc; path = ios_wtmap.m; sourceTree = "<group>"; };
		1DAD30401C98AA44000954CF /* ios_wtmap.h */ = {isa = PBXFileReference; lastKnownFileType = sourcecode.c.h; path = ios_wtmap.h; sourceTree = "<group>"; };
		1DAD30421C98ABF9000954CF /* Camera.h */ = {isa = PBXFileReference; fileEncoding = 4; lastKnownFileType = sourcecode.c.h; name = Camera.h; path = ../../src/Camera.h; sourceTree = "<group>"; };
		1DAD30431C98ABF9000954CF /* Color.h */ = {isa = PBXFileReference; fileEncoding = 4; lastKnownFileType = sourcecode.c.h; name = Color.h; path = ../../src/Color.h; sourceTree = "<group>"; };
		1DAD30441C98ABF9000954CF /* MapGeneration.cpp */ = {isa = PBXFileReference; fileEncoding = 4; lastKnownFileType = sourcecode.cpp.cpp; name = MapGeneration.cpp; path = ../../src/MapGeneration.cpp; sourceTree = "<group>"; };
		1DAD30451C98ABF9000954CF /* Tile.h */ = {isa = PBXFileReference; fileEncoding = 4; lastKnownFileType = sourcecode.c.h; name = Tile.h; path = ../../src/Tile.h; sourceTree = "<group>"; };
		1DAD30461C98ABF9000954CF /* Vector2.h */ = {isa = PBXFileReference; fileEncoding = 4; lastKnownFileType = sourcecode.c.h; name = Vector2.h; path = ../../src/Vector2.h; sourceTree = "<group>"; };
		1DAD30471C98ABF9000954CF /* wtmap.cpp */ = {isa = PBXFileReference; fileEncoding = 4; lastKnownFileType = sourcecode.cpp.cpp; name = wtmap.cpp; path = ../../src/wtmap.cpp; sourceTree = "<group>"; };
		1DAD30481C98ABF9000954CF /* wtmap.h */ = {isa = PBXFileReference; fileEncoding = 4; lastKnownFileType = sourcecode.c.h; name = wtmap.h; path = ../../src/wtmap.h; sourceTree = "<group>"; };
		1DAD304B1C98B196000954CF /* CoreGraphics.framework */ = {isa = PBXFileReference; lastKnownFileType = wrapper.framework; name = CoreGraphics.framework; path = System/Library/Frameworks/CoreGraphics.framework; sourceTree = SDKROOT; };
/* End PBXFileReference section */

/* Begin PBXFrameworksBuildPhase section */
		1DAD301F1C989522000954CF /* Frameworks */ = {
			isa = PBXFrameworksBuildPhase;
			buildActionMask = 2147483647;
			files = (
				1DAD304C1C98B196000954CF /* CoreGraphics.framework in Frameworks */,
			);
			runOnlyForDeploymentPostprocessing = 0;
		};
/* End PBXFrameworksBuildPhase section */

/* Begin PBXGroup section */
		1DAD30191C989522000954CF = {
			isa = PBXGroup;
			children = (
				1DAD304B1C98B196000954CF /* CoreGraphics.framework */,
				1DAD30411C98ABE5000954CF /* wtmap */,
				1DAD30241C989522000954CF /* ios_wtmap */,
				1DAD30231C989522000954CF /* Products */,
			);
			sourceTree = "<group>";
		};
		1DAD30231C989522000954CF /* Products */ = {
			isa = PBXGroup;
			children = (
				1DAD30221C989522000954CF /* wtmap.app */,
			);
			name = Products;
			sourceTree = "<group>";
		};
		1DAD30241C989522000954CF /* ios_wtmap */ = {
			isa = PBXGroup;
			children = (
				1DAD30331C989522000954CF /* Assets.xcassets */,
				1DAD30261C989522000954CF /* ios_main.m */,
				1DAD30381C989522000954CF /* Info.plist */,
				1DAD303E1C98A3F9000954CF /* ios_wtmap.m */,
				1DAD30401C98AA44000954CF /* ios_wtmap.h */,
			);
			name = ios_wtmap;
			path = wtmap;
			sourceTree = "<group>";
		};
		1DAD30411C98ABE5000954CF /* wtmap */ = {
			isa = PBXGroup;
			children = (
				1D30E4081C98C78F00EB0F32 /* wtmap_platform.h */,
				1DAD30421C98ABF9000954CF /* Camera.h */,
				1DAD30431C98ABF9000954CF /* Color.h */,
				1DAD30441C98ABF9000954CF /* MapGeneration.cpp */,
				1DAD30451C98ABF9000954CF /* Tile.h */,
				1DAD30461C98ABF9000954CF /* Vector2.h */,
				1DAD30471C98ABF9000954CF /* wtmap.cpp */,
				1DAD30481C98ABF9000954CF /* wtmap.h */,
			);
			name = wtmap;
			sourceTree = "<group>";
		};
/* End PBXGroup section */

/* Begin PBXNativeTarget section */
		1DAD30211C989522000954CF /* wtmap */ = {
			isa = PBXNativeTarget;
			buildConfigurationList = 1DAD303B1C989522000954CF /* Build configuration list for PBXNativeTarget "wtmap" */;
			buildPhases = (
				1DAD301E1C989522000954CF /* Sources */,
				1DAD301F1C989522000954CF /* Frameworks */,
				1DAD30201C989522000954CF /* Resources */,
			);
			buildRules = (
			);
			dependencies = (
			);
			name = wtmap;
			productName = wtmap;
			productReference = 1DAD30221C989522000954CF /* wtmap.app */;
			productType = "com.apple.product-type.application";
		};
/* End PBXNativeTarget section */

/* Begin PBXProject section */
		1DAD301A1C989522000954CF /* Project object */ = {
			isa = PBXProject;
			attributes = {
				LastUpgradeCheck = 0720;
				ORGANIZATIONNAME = "Nicholas Wasilewski";
				TargetAttributes = {
					1DAD30211C989522000954CF = {
						CreatedOnToolsVersion = 7.2.1;
					};
				};
			};
			buildConfigurationList = 1DAD301D1C989522000954CF /* Build configuration list for PBXProject "wtmap" */;
			compatibilityVersion = "Xcode 3.2";
			developmentRegion = English;
			hasScannedForEncodings = 0;
			knownRegions = (
				en,
				Base,
			);
			mainGroup = 1DAD30191C989522000954CF;
			productRefGroup = 1DAD30231C989522000954CF /* Products */;
			projectDirPath = "";
			projectRoot = "";
			targets = (
				1DAD30211C989522000954CF /* wtmap */,
			);
		};
/* End PBXProject section */

/* Begin PBXResourcesBuildPhase section */
		1DAD30201C989522000954CF /* Resources */ = {
			isa = PBXResourcesBuildPhase;
			buildActionMask = 2147483647;
			files = (
				1DAD30341C989522000954CF /* Assets.xcassets in Resources */,
			);
			runOnlyForDeploymentPostprocessing = 0;
		};
/* End PBXResourcesBuildPhase section */

/* Begin PBXSourcesBuildPhase section */
		1DAD301E1C989522000954CF /* Sources */ = {
			isa = PBXSourcesBuildPhase;
			buildActionMask = 2147483647;
			files = (
				1DAD304D1C98B278000954CF /* wtmap.cpp in Sources */,
				1DAD303F1C98A3F9000954CF /* ios_wtmap.m in Sources */,
				1DAD30271C989522000954CF /* ios_main.m in Sources */,
			);
			runOnlyForDeploymentPostprocessing = 0;
		};
/* End PBXSourcesBuildPhase section */

/* Begin XCBuildConfiguration section */
		1DAD30391C989522000954CF /* Debug */ = {
			isa = XCBuildConfiguration;
			buildSettings = {
				ALWAYS_SEARCH_USER_PATHS = NO;
				CLANG_CXX_LANGUAGE_STANDARD = "gnu++0x";
				CLANG_CXX_LIBRARY = "libc++";
				CLANG_ENABLE_MODULES = YES;
				CLANG_ENABLE_OBJC_ARC = YES;
				CLANG_WARN_BOOL_CONVERSION = YES;
				CLANG_WARN_CONSTANT_CONVERSION = YES;
				CLANG_WARN_DIRECT_OBJC_ISA_USAGE = YES_ERROR;
				CLANG_WARN_EMPTY_BODY = YES;
				CLANG_WARN_ENUM_CONVERSION = YES;
				CLANG_WARN_INT_CONVERSION = YES;
				CLANG_WARN_OBJC_ROOT_CLASS = YES_ERROR;
				CLANG_WARN_UNREACHABLE_CODE = YES;
				CLANG_WARN__DUPLICATE_METHOD_MATCH = YES;
				"CODE_SIGN_IDENTITY[sdk=iphoneos*]" = "iPhone Developer";
				COPY_PHASE_STRIP = NO;
				DEBUG_INFORMATION_FORMAT = "dwarf-with-dsym";
				ENABLE_STRICT_OBJC_MSGSEND = YES;
				ENABLE_TESTABILITY = YES;
				GCC_C_LANGUAGE_STANDARD = gnu99;
				GCC_DYNAMIC_NO_PIC = NO;
				GCC_NO_COMMON_BLOCKS = YES;
				GCC_OPTIMIZATION_LEVEL = 0;
				GCC_PREPROCESSOR_DEFINITIONS = (
					"DEBUG=1",
					"$(inherited)",
				);
				GCC_WARN_64_TO_32_BIT_CONVERSION = YES;
				GCC_WARN_ABOUT_RETURN_TYPE = YES_ERROR;
				GCC_WARN_UNDECLARED_SELECTOR = YES;
				GCC_WARN_UNINITIALIZED_AUTOS = YES_AGGRESSIVE;
				GCC_WARN_UNUSED_FUNCTION = YES;
				GCC_WARN_UNUSED_VARIABLE = YES;
				IPHONEOS_DEPLOYMENT_TARGET = 9.2;
				MTL_ENABLE_DEBUG_INFO = YES;
				ONLY_ACTIVE_ARCH = YES;
				SDKROOT = iphoneos;
				TARGETED_DEVICE_FAMILY = "1,2";
			};
			name = Debug;
		};
		1DAD303A1C989522000954CF /* Release */ = {
			isa = XCBuildConfiguration;
			buildSettings = {
				ALWAYS_SEARCH_USER_PATHS = NO;
				CLANG_CXX_LANGUAGE_STANDARD = "gnu++0x";
				CLANG_CXX_LIBRARY = "libc++";
				CLANG_ENABLE_MODULES = YES;
				CLANG_ENABLE_OBJC_ARC = YES;
				CLANG_WARN_BOOL_CONVERSION = YES;
				CLANG_WARN_CONSTANT_CONVERSION = YES;
				CLANG_WARN_DIRECT_OBJC_ISA_USAGE = YES_ERROR;
				CLANG_WARN_EMPTY_BODY = YES;
				CLANG_WARN_ENUM_CONVERSION = YES;
				CLANG_WARN_INT_CONVERSION = YES;
				CLANG_WARN_OBJC_ROOT_CLASS = YES_ERROR;
				CLANG_WARN_UNREACHABLE_CODE = YES;
				CLANG_WARN__DUPLICATE_METHOD_MATCH = YES;
				"CODE_SIGN_IDENTITY[sdk=iphoneos*]" = "iPhone Developer";
				COPY_PHASE_STRIP = NO;
				DEBUG_INFORMATION_FORMAT = "dwarf-with-dsym";
				ENABLE_NS_ASSERTIONS = NO;
				ENABLE_STRICT_OBJC_MSGSEND = YES;
				GCC_C_LANGUAGE_STANDARD = gnu99;
				GCC_NO_COMMON_BLOCKS = YES;
				GCC_WARN_64_TO_32_BIT_CONVERSION = YES;
				GCC_WARN_ABOUT_RETURN_TYPE = YES_ERROR;
				GCC_WARN_UNDECLARED_SELECTOR = YES;
				GCC_WARN_UNINITIALIZED_AUTOS = YES_AGGRESSIVE;
				GCC_WARN_UNUSED_FUNCTION = YES;
				GCC_WARN_UNUSED_VARIABLE = YES;
				IPHONEOS_DEPLOYMENT_TARGET = 9.2;
				MTL_ENABLE_DEBUG_INFO = NO;
				SDKROOT = iphoneos;
				TARGETED_DEVICE_FAMILY = "1,2";
				VALIDATE_PRODUCT = YES;
			};
			name = Release;
		};
		1DAD303C1C989522000954CF /* Debug */ = {
			isa = XCBuildConfiguration;
			buildSettings = {
				ASSETCATALOG_COMPILER_APPICON_NAME = AppIcon;
				INFOPLIST_FILE = wtmap/Info.plist;
				LD_RUNPATH_SEARCH_PATHS = "$(inherited) @executable_path/Frameworks";
				PRODUCT_BUNDLE_IDENTIFIER = com.naw.wtmap;
				PRODUCT_NAME = "$(TARGET_NAME)";
			};
			name = Debug;
		};
		1DAD303D1C989522000954CF /* Release */ = {
			isa = XCBuildConfiguration;
			buildSettings = {
				ASSETCATALOG_COMPILER_APPICON_NAME = AppIcon;
				INFOPLIST_FILE = wtmap/Info.plist;
				LD_RUNPATH_SEARCH_PATHS = "$(inherited) @executable_path/Frameworks";
				PRODUCT_BUNDLE_IDENTIFIER = com.naw.wtmap;
				PRODUCT_NAME = "$(TARGET_NAME)";
			};
			name = Release;
		};
/* End XCBuildConfiguration section */

/* Begin XCConfigurationList section */
		1DAD301D1C989522000954CF /* Build configuration list for PBXProject "wtmap" */ = {
			isa = XCConfigurationList;
			buildConfigurations = (
				1DAD30391C989522000954CF /* Debug */,
				1DAD303A1C989522000954CF /* Release */,
			);
			defaultConfigurationIsVisible = 0;
			defaultConfigurationName = Release;
		};
		1DAD303B1C989522000954CF /* Build configuration list for PBXNativeTarget "wtmap" */ = {
			isa = XCConfigurationList;
			buildConfigurations = (
				1DAD303C1C989522000954CF /* Debug */,
				1DAD303D1C989522000954CF /* Release */,
			);
			defaultConfigurationIsVisible = 0;
			defaultConfigurationName = Release;
		};
/* End XCConfigurationList section */
	};
	rootObject = 1DAD301A1C989522000954CF /* Project object */;
}
